// !$*UTF8*$!
{
	archiveVersion = 1;
	classes = {
	};
	objectVersion = 46;
	objects = {

/* Begin PBXBuildFile section */
		8EB7E0CF1EF5376B0001C334 /* Debug.cpp in Sources */ = {isa = PBXBuildFile; fileRef = 8EB7E0C81EF5376B0001C334 /* Debug.cpp */; };
		8EB7E0D01EF5376B0001C334 /* server_main.cpp in Sources */ = {isa = PBXBuildFile; fileRef = 8EB7E0CA1EF5376B0001C334 /* server_main.cpp */; };
		8EB7E0D11EF5376B0001C334 /* TCPClient.cpp in Sources */ = {isa = PBXBuildFile; fileRef = 8EB7E0CB1EF5376B0001C334 /* TCPClient.cpp */; };
		8EB7E0D21EF5376B0001C334 /* TCPServer.cpp in Sources */ = {isa = PBXBuildFile; fileRef = 8EB7E0CD1EF5376B0001C334 /* TCPServer.cpp */; };
		8EB7E0D51EF537B50001C334 /* ipaddress_list.cpp in Sources */ = {isa = PBXBuildFile; fileRef = 8EB7E0D31EF537B50001C334 /* ipaddress_list.cpp */; };
/* End PBXBuildFile section */

/* Begin PBXCopyFilesBuildPhase section */
		8EB7E0BC1EF5375C0001C334 /* CopyFiles */ = {
			isa = PBXCopyFilesBuildPhase;
			buildActionMask = 2147483647;
			dstPath = /usr/share/man/man1/;
			dstSubfolderSpec = 0;
			files = (
			);
			runOnlyForDeploymentPostprocessing = 1;
		};
/* End PBXCopyFilesBuildPhase section */

/* Begin PBXFileReference section */
		8EB7E0BE1EF5375C0001C334 /* Mac TCP Server Sample */ = {isa = PBXFileReference; explicitFileType = "compiled.mach-o.executable"; includeInIndex = 0; path = "Mac TCP Server Sample"; sourceTree = BUILT_PRODUCTS_DIR; };
		8EB7E0C81EF5376B0001C334 /* Debug.cpp */ = {isa = PBXFileReference; fileEncoding = 4; lastKnownFileType = sourcecode.cpp.cpp; name = Debug.cpp; path = ../../Debug.cpp; sourceTree = "<group>"; };
		8EB7E0C91EF5376B0001C334 /* Debug.hpp */ = {isa = PBXFileReference; fileEncoding = 4; lastKnownFileType = sourcecode.cpp.h; name = Debug.hpp; path = ../../Debug.hpp; sourceTree = "<group>"; };
		8EB7E0CA1EF5376B0001C334 /* server_main.cpp */ = {isa = PBXFileReference; fileEncoding = 4; lastKnownFileType = sourcecode.cpp.cpp; name = server_main.cpp; path = ../../server_main.cpp; sourceTree = "<group>"; };
		8EB7E0CB1EF5376B0001C334 /* TCPClient.cpp */ = {isa = PBXFileReference; fileEncoding = 4; lastKnownFileType = sourcecode.cpp.cpp; name = TCPClient.cpp; path = ../../TCPClient.cpp; sourceTree = "<group>"; };
		8EB7E0CC1EF5376B0001C334 /* TCPClient.hpp */ = {isa = PBXFileReference; fileEncoding = 4; lastKnownFileType = sourcecode.cpp.h; name = TCPClient.hpp; path = ../../TCPClient.hpp; sourceTree = "<group>"; };
		8EB7E0CD1EF5376B0001C334 /* TCPServer.cpp */ = {isa = PBXFileReference; fileEncoding = 4; lastKnownFileType = sourcecode.cpp.cpp; name = TCPServer.cpp; path = ../../TCPServer.cpp; sourceTree = "<group>"; };
		8EB7E0CE1EF5376B0001C334 /* TCPServer.hpp */ = {isa = PBXFileReference; fileEncoding = 4; lastKnownFileType = sourcecode.cpp.h; name = TCPServer.hpp; path = ../../TCPServer.hpp; sourceTree = "<group>"; };
		8EB7E0D31EF537B50001C334 /* ipaddress_list.cpp */ = {isa = PBXFileReference; fileEncoding = 4; lastKnownFileType = sourcecode.cpp.cpp; name = ipaddress_list.cpp; path = ../../ipaddress_list.cpp; sourceTree = "<group>"; };
		8EB7E0D41EF537B50001C334 /* ipaddress_list.hpp */ = {isa = PBXFileReference; fileEncoding = 4; lastKnownFileType = sourcecode.cpp.h; name = ipaddress_list.hpp; path = ../../ipaddress_list.hpp; sourceTree = "<group>"; };
/* End PBXFileReference section */

/* Begin PBXFrameworksBuildPhase section */
		8EB7E0BB1EF5375C0001C334 /* Frameworks */ = {
			isa = PBXFrameworksBuildPhase;
			buildActionMask = 2147483647;
			files = (
			);
			runOnlyForDeploymentPostprocessing = 0;
		};
/* End PBXFrameworksBuildPhase section */

/* Begin PBXGroup section */
		8EB7E0B51EF5375C0001C334 = {
			isa = PBXGroup;
			children = (
				8EB7E0C01EF5375C0001C334 /* Mac TCP Server Sample */,
				8EB7E0BF1EF5375C0001C334 /* Products */,
			);
			sourceTree = "<group>";
		};
		8EB7E0BF1EF5375C0001C334 /* Products */ = {
			isa = PBXGroup;
			children = (
				8EB7E0BE1EF5375C0001C334 /* Mac TCP Server Sample */,
			);
			name = Products;
			sourceTree = "<group>";
		};
		8EB7E0C01EF5375C0001C334 /* Mac TCP Server Sample */ = {
			isa = PBXGroup;
			children = (
				8EB7E0CA1EF5376B0001C334 /* server_main.cpp */,
				8EB7E0CC1EF5376B0001C334 /* TCPClient.hpp */,
				8EB7E0CB1EF5376B0001C334 /* TCPClient.cpp */,
				8EB7E0CE1EF5376B0001C334 /* TCPServer.hpp */,
				8EB7E0CD1EF5376B0001C334 /* TCPServer.cpp */,
				8EB7E0D41EF537B50001C334 /* ipaddress_list.hpp */,
				8EB7E0D31EF537B50001C334 /* ipaddress_list.cpp */,
				8EB7E0C91EF5376B0001C334 /* Debug.hpp */,
				8EB7E0C81EF5376B0001C334 /* Debug.cpp */,
			);
			path = "Mac TCP Server Sample";
			sourceTree = "<group>";
		};
/* End PBXGroup section */

/* Begin PBXNativeTarget section */
		8EB7E0BD1EF5375C0001C334 /* Mac TCP Server Sample */ = {
			isa = PBXNativeTarget;
			buildConfigurationList = 8EB7E0C51EF5375C0001C334 /* Build configuration list for PBXNativeTarget "Mac TCP Server Sample" */;
			buildPhases = (
				8EB7E0BA1EF5375C0001C334 /* Sources */,
				8EB7E0BB1EF5375C0001C334 /* Frameworks */,
				8EB7E0BC1EF5375C0001C334 /* CopyFiles */,
			);
			buildRules = (
			);
			dependencies = (
			);
			name = "Mac TCP Server Sample";
			productName = "Mac TCP Server Sample";
			productReference = 8EB7E0BE1EF5375C0001C334 /* Mac TCP Server Sample */;
			productType = "com.apple.product-type.tool";
		};
/* End PBXNativeTarget section */

/* Begin PBXProject section */
		8EB7E0B61EF5375C0001C334 /* Project object */ = {
			isa = PBXProject;
			attributes = {
				LastUpgradeCheck = 0830;
				ORGANIZATIONNAME = "Satoshi Numata";
				TargetAttributes = {
					8EB7E0BD1EF5375C0001C334 = {
						CreatedOnToolsVersion = 8.3.3;
						DevelopmentTeam = XF9AB35UYQ;
						ProvisioningStyle = Automatic;
					};
				};
			};
			buildConfigurationList = 8EB7E0B91EF5375C0001C334 /* Build configuration list for PBXProject "Mac TCP Server Sample" */;
			compatibilityVersion = "Xcode 3.2";
			developmentRegion = English;
			hasScannedForEncodings = 0;
			knownRegions = (
				en,
			);
			mainGroup = 8EB7E0B51EF5375C0001C334;
			productRefGroup = 8EB7E0BF1EF5375C0001C334 /* Products */;
			projectDirPath = "";
			projectRoot = "";
			targets = (
				8EB7E0BD1EF5375C0001C334 /* Mac TCP Server Sample */,
			);
		};
/* End PBXProject section */

/* Begin PBXSourcesBuildPhase section */
		8EB7E0BA1EF5375C0001C334 /* Sources */ = {
			isa = PBXSourcesBuildPhase;
			buildActionMask = 2147483647;
			files = (
				8EB7E0D21EF5376B0001C334 /* TCPServer.cpp in Sources */,
				8EB7E0D11EF5376B0001C334 /* TCPClient.cpp in Sources */,
				8EB7E0D51EF537B50001C334 /* ipaddress_list.cpp in Sources */,
				8EB7E0CF1EF5376B0001C334 /* Debug.cpp in Sources */,
				8EB7E0D01EF5376B0001C334 /* server_main.cpp in Sources */,
			);
			runOnlyForDeploymentPostprocessing = 0;
		};
/* End PBXSourcesBuildPhase section */

/* Begin XCBuildConfiguration section */
		8EB7E0C31EF5375C0001C334 /* Debug */ = {
			isa = XCBuildConfiguration;
			buildSettings = {
				ALWAYS_SEARCH_USER_PATHS = NO;
				CLANG_ANALYZER_NONNULL = YES;
				CLANG_ANALYZER_NUMBER_OBJECT_CONVERSION = YES_AGGRESSIVE;
				CLANG_CXX_LANGUAGE_STANDARD = "gnu++0x";
				CLANG_CXX_LIBRARY = "libc++";
				CLANG_ENABLE_MODULES = YES;
				CLANG_ENABLE_OBJC_ARC = YES;
				CLANG_WARN_BOOL_CONVERSION = YES;
				CLANG_WARN_CONSTANT_CONVERSION = YES;
				CLANG_WARN_DIRECT_OBJC_ISA_USAGE = YES_ERROR;
				CLANG_WARN_DOCUMENTATION_COMMENTS = YES;
				CLANG_WARN_EMPTY_BODY = YES;
				CLANG_WARN_ENUM_CONVERSION = YES;
				CLANG_WARN_INFINITE_RECURSION = YES;
				CLANG_WARN_INT_CONVERSION = YES;
				CLANG_WARN_OBJC_ROOT_CLASS = YES_ERROR;
				CLANG_WARN_SUSPICIOUS_MOVE = YES;
				CLANG_WARN_UNREACHABLE_CODE = YES;
				CLANG_WARN__DUPLICATE_METHOD_MATCH = YES;
				CODE_SIGN_IDENTITY = "-";
				COPY_PHASE_STRIP = NO;
				DEBUG_INFORMATION_FORMAT = dwarf;
				ENABLE_STRICT_OBJC_MSGSEND = YES;
				ENABLE_TESTABILITY = YES;
				GCC_C_LANGUAGE_STANDARD = gnu99;
				GCC_DYNAMIC_NO_PIC = NO;
				GCC_NO_COMMON_BLOCKS = YES;
				GCC_OPTIMIZATION_LEVEL = 0;
				GCC_PREPROCESSOR_DEFINITIONS = (
					"DEBUG=1",
					"$(inherited)",
				);
				GCC_WARN_64_TO_32_BIT_CONVERSION = YES;
				GCC_WARN_ABOUT_RETURN_TYPE = YES_ERROR;
				GCC_WARN_UNDECLARED_SELECTOR = YES;
				GCC_WARN_UNINITIALIZED_AUTOS = YES_AGGRESSIVE;
				GCC_WARN_UNUSED_FUNCTION = YES;
				GCC_WARN_UNUSED_VARIABLE = YES;
				MACOSX_DEPLOYMENT_TARGET = 10.12;
				MTL_ENABLE_DEBUG_INFO = YES;
				ONLY_ACTIVE_ARCH = YES;
				SDKROOT = macosx;
			};
			name = Debug;
		};
		8EB7E0C41EF5375C0001C334 /* Release */ = {
			isa = XCBuildConfiguration;
			buildSettings = {
				ALWAYS_SEARCH_USER_PATHS = NO;
				CLANG_ANALYZER_NONNULL = YES;
				CLANG_ANALYZER_NUMBER_OBJECT_CONVERSION = YES_AGGRESSIVE;
				CLANG_CXX_LANGUAGE_STANDARD = "gnu++0x";
				CLANG_CXX_LIBRARY = "libc++";
				CLANG_ENABLE_MODULES = YES;
				CLANG_ENABLE_OBJC_ARC = YES;
				CLANG_WARN_BOOL_CONVERSION = YES;
				CLANG_WARN_CONSTANT_CONVERSION = YES;
				CLANG_WARN_DIRECT_OBJC_ISA_USAGE = YES_ERROR;
				CLANG_WARN_DOCUMENTATION_COMMENTS = YES;
				CLANG_WARN_EMPTY_BODY = YES;
				CLANG_WARN_ENUM_CONVERSION = YES;
				CLANG_WARN_INFINITE_RECURSION = YES;
				CLANG_WARN_INT_CONVERSION = YES;
				CLANG_WARN_OBJC_ROOT_CLASS = YES_ERROR;
				CLANG_WARN_SUSPICIOUS_MOVE = YES;
				CLANG_WARN_UNREACHABLE_CODE = YES;
				CLANG_WARN__DUPLICATE_METHOD_MATCH = YES;
				CODE_SIGN_IDENTITY = "-";
				COPY_PHASE_STRIP = NO;
				DEBUG_INFORMATION_FORMAT = "dwarf-with-dsym";
				ENABLE_NS_ASSERTIONS = NO;
				ENABLE_STRICT_OBJC_MSGSEND = YES;
				GCC_C_LANGUAGE_STANDARD = gnu99;
				GCC_NO_COMMON_BLOCKS = YES;
				GCC_WARN_64_TO_32_BIT_CONVERSION = YES;
				GCC_WARN_ABOUT_RETURN_TYPE = YES_ERROR;
				GCC_WARN_UNDECLARED_SELECTOR = YES;
				GCC_WARN_UNINITIALIZED_AUTOS = YES_AGGRESSIVE;
				GCC_WARN_UNUSED_FUNCTION = YES;
				GCC_WARN_UNUSED_VARIABLE = YES;
				MACOSX_DEPLOYMENT_TARGET = 10.12;
				MTL_ENABLE_DEBUG_INFO = NO;
				SDKROOT = macosx;
			};
			name = Release;
		};
		8EB7E0C61EF5375C0001C334 /* Debug */ = {
			isa = XCBuildConfiguration;
			buildSettings = {
				DEVELOPMENT_TEAM = XF9AB35UYQ;
				PRODUCT_NAME = "$(TARGET_NAME)";
			};
			name = Debug;
		};
		8EB7E0C71EF5375C0001C334 /* Release */ = {
			isa = XCBuildConfiguration;
			buildSettings = {
				DEVELOPMENT_TEAM = XF9AB35UYQ;
				PRODUCT_NAME = "$(TARGET_NAME)";
			};
			name = Release;
		};
/* End XCBuildConfiguration section */

/* Begin XCConfigurationList section */
		8EB7E0B91EF5375C0001C334 /* Build configuration list for PBXProject "Mac TCP Server Sample" */ = {
			isa = XCConfigurationList;
			buildConfigurations = (
				8EB7E0C31EF5375C0001C334 /* Debug */,
				8EB7E0C41EF5375C0001C334 /* Release */,
			);
			defaultConfigurationIsVisible = 0;
			defaultConfigurationName = Release;
		};
		8EB7E0C51EF5375C0001C334 /* Build configuration list for PBXNativeTarget "Mac TCP Server Sample" */ = {
			isa = XCConfigurationList;
			buildConfigurations = (
				8EB7E0C61EF5375C0001C334 /* Debug */,
				8EB7E0C71EF5375C0001C334 /* Release */,
			);
			defaultConfigurationIsVisible = 0;
		};
/* End XCConfigurationList section */
	};
	rootObject = 8EB7E0B61EF5375C0001C334 /* Project object */;
}
