// !$*UTF8*$!
{
	archiveVersion = 1;
	classes = {
	};
	objectVersion = 46;
	objects = {

/* Begin PBXBuildFile section */
		8E04615C1EF3F6F500E89CD6 /* client_main.cpp in Sources */ = {isa = PBXBuildFile; fileRef = 8E0461591EF3F6F500E89CD6 /* client_main.cpp */; };
		8E04615D1EF3F6F500E89CD6 /* TCPClient.cpp in Sources */ = {isa = PBXBuildFile; fileRef = 8E04615A1EF3F6F500E89CD6 /* TCPClient.cpp */; };
		8E0461601EF4026F00E89CD6 /* Debug.cpp in Sources */ = {isa = PBXBuildFile; fileRef = 8E04615E1EF4026F00E89CD6 /* Debug.cpp */; };
/* End PBXBuildFile section */

/* Begin PBXCopyFilesBuildPhase section */
		8E04614D1EF3F6DF00E89CD6 /* CopyFiles */ = {
			isa = PBXCopyFilesBuildPhase;
			buildActionMask = 2147483647;
			dstPath = /usr/share/man/man1/;
			dstSubfolderSpec = 0;
			files = (
			);
			runOnlyForDeploymentPostprocessing = 1;
		};
/* End PBXCopyFilesBuildPhase section */

/* Begin PBXFileReference section */
		8E04614F1EF3F6DF00E89CD6 /* Mac TCP Client Sample */ = {isa = PBXFileReference; explicitFileType = "compiled.mach-o.executable"; includeInIndex = 0; path = "Mac TCP Client Sample"; sourceTree = BUILT_PRODUCTS_DIR; };
		8E0461591EF3F6F500E89CD6 /* client_main.cpp */ = {isa = PBXFileReference; fileEncoding = 4; lastKnownFileType = sourcecode.cpp.cpp; name = client_main.cpp; path = ../../client_main.cpp; sourceTree = "<group>"; };
		8E04615A1EF3F6F500E89CD6 /* TCPClient.cpp */ = {isa = PBXFileReference; fileEncoding = 4; lastKnownFileType = sourcecode.cpp.cpp; name = TCPClient.cpp; path = ../../TCPClient.cpp; sourceTree = "<group>"; };
		8E04615B1EF3F6F500E89CD6 /* TCPClient.hpp */ = {isa = PBXFileReference; fileEncoding = 4; lastKnownFileType = sourcecode.cpp.h; name = TCPClient.hpp; path = ../../TCPClient.hpp; sourceTree = "<group>"; };
		8E04615E1EF4026F00E89CD6 /* Debug.cpp */ = {isa = PBXFileReference; fileEncoding = 4; lastKnownFileType = sourcecode.cpp.cpp; name = Debug.cpp; path = ../../Debug.cpp; sourceTree = "<group>"; };
		8E04615F1EF4026F00E89CD6 /* Debug.hpp */ = {isa = PBXFileReference; fileEncoding = 4; lastKnownFileType = sourcecode.cpp.h; name = Debug.hpp; path = ../../Debug.hpp; sourceTree = "<group>"; };
/* End PBXFileReference section */

/* Begin PBXFrameworksBuildPhase section */
		8E04614C1EF3F6DF00E89CD6 /* Frameworks */ = {
			isa = PBXFrameworksBuildPhase;
			buildActionMask = 2147483647;
			files = (
			);
			runOnlyForDeploymentPostprocessing = 0;
		};
/* End PBXFrameworksBuildPhase section */

/* Begin PBXGroup section */
		8E0461461EF3F6DF00E89CD6 = {
			isa = PBXGroup;
			children = (
				8E0461511EF3F6DF00E89CD6 /* Mac TCP Client Sample */,
				8E0461501EF3F6DF00E89CD6 /* Products */,
			);
			sourceTree = "<group>";
		};
		8E0461501EF3F6DF00E89CD6 /* Products */ = {
			isa = PBXGroup;
			children = (
				8E04614F1EF3F6DF00E89CD6 /* Mac TCP Client Sample */,
			);
			name = Products;
			sourceTree = "<group>";
		};
		8E0461511EF3F6DF00E89CD6 /* Mac TCP Client Sample */ = {
			isa = PBXGroup;
			children = (
				8E0461591EF3F6F500E89CD6 /* client_main.cpp */,
				8E04615B1EF3F6F500E89CD6 /* TCPClient.hpp */,
				8E04615A1EF3F6F500E89CD6 /* TCPClient.cpp */,
				8E04615F1EF4026F00E89CD6 /* Debug.hpp */,
				8E04615E1EF4026F00E89CD6 /* Debug.cpp */,
			);
			path = "Mac TCP Client Sample";
			sourceTree = "<group>";
		};
/* End PBXGroup section */

/* Begin PBXNativeTarget section */
		8E04614E1EF3F6DF00E89CD6 /* Mac TCP Client Sample */ = {
			isa = PBXNativeTarget;
			buildConfigurationList = 8E0461561EF3F6DF00E89CD6 /* Build configuration list for PBXNativeTarget "Mac TCP Client Sample" */;
			buildPhases = (
				8E04614B1EF3F6DF00E89CD6 /* Sources */,
				8E04614C1EF3F6DF00E89CD6 /* Frameworks */,
				8E04614D1EF3F6DF00E89CD6 /* CopyFiles */,
			);
			buildRules = (
			);
			dependencies = (
			);
			name = "Mac TCP Client Sample";
			productName = "Mac TCP Client Sample";
			productReference = 8E04614F1EF3F6DF00E89CD6 /* Mac TCP Client Sample */;
			productType = "com.apple.product-type.tool";
		};
/* End PBXNativeTarget section */

/* Begin PBXProject section */
		8E0461471EF3F6DF00E89CD6 /* Project object */ = {
			isa = PBXProject;
			attributes = {
				LastUpgradeCheck = 0830;
				ORGANIZATIONNAME = "Satoshi Numata";
				TargetAttributes = {
					8E04614E1EF3F6DF00E89CD6 = {
						CreatedOnToolsVersion = 8.3.3;
						DevelopmentTeam = XF9AB35UYQ;
						ProvisioningStyle = Automatic;
					};
				};
			};
			buildConfigurationList = 8E04614A1EF3F6DF00E89CD6 /* Build configuration list for PBXProject "Mac TCP Client Sample" */;
			compatibilityVersion = "Xcode 3.2";
			developmentRegion = English;
			hasScannedForEncodings = 0;
			knownRegions = (
				en,
			);
			mainGroup = 8E0461461EF3F6DF00E89CD6;
			productRefGroup = 8E0461501EF3F6DF00E89CD6 /* Products */;
			projectDirPath = "";
			projectRoot = "";
			targets = (
				8E04614E1EF3F6DF00E89CD6 /* Mac TCP Client Sample */,
			);
		};
/* End PBXProject section */

/* Begin PBXSourcesBuildPhase section */
		8E04614B1EF3F6DF00E89CD6 /* Sources */ = {
			isa = PBXSourcesBuildPhase;
			buildActionMask = 2147483647;
			files = (
				8E04615D1EF3F6F500E89CD6 /* TCPClient.cpp in Sources */,
				8E04615C1EF3F6F500E89CD6 /* client_main.cpp in Sources */,
				8E0461601EF4026F00E89CD6 /* Debug.cpp in Sources */,
			);
			runOnlyForDeploymentPostprocessing = 0;
		};
/* End PBXSourcesBuildPhase section */

/* Begin XCBuildConfiguration section */
		8E0461541EF3F6DF00E89CD6 /* Debug */ = {
			isa = XCBuildConfiguration;
			buildSettings = {
				ALWAYS_SEARCH_USER_PATHS = NO;
				CLANG_ANALYZER_NONNULL = YES;
				CLANG_ANALYZER_NUMBER_OBJECT_CONVERSION = YES_AGGRESSIVE;
				CLANG_CXX_LANGUAGE_STANDARD = "gnu++0x";
				CLANG_CXX_LIBRARY = "libc++";
				CLANG_ENABLE_MODULES = YES;
				CLANG_ENABLE_OBJC_ARC = YES;
				CLANG_WARN_BOOL_CONVERSION = YES;
				CLANG_WARN_CONSTANT_CONVERSION = YES;
				CLANG_WARN_DIRECT_OBJC_ISA_USAGE = YES_ERROR;
				CLANG_WARN_DOCUMENTATION_COMMENTS = YES;
				CLANG_WARN_EMPTY_BODY = YES;
				CLANG_WARN_ENUM_CONVERSION = YES;
				CLANG_WARN_INFINITE_RECURSION = YES;
				CLANG_WARN_INT_CONVERSION = YES;
				CLANG_WARN_OBJC_ROOT_CLASS = YES_ERROR;
				CLANG_WARN_SUSPICIOUS_MOVE = YES;
				CLANG_WARN_UNREACHABLE_CODE = YES;
				CLANG_WARN__DUPLICATE_METHOD_MATCH = YES;
				CODE_SIGN_IDENTITY = "-";
				COPY_PHASE_STRIP = NO;
				DEBUG_INFORMATION_FORMAT = dwarf;
				ENABLE_STRICT_OBJC_MSGSEND = YES;
				ENABLE_TESTABILITY = YES;
				GCC_C_LANGUAGE_STANDARD = gnu99;
				GCC_DYNAMIC_NO_PIC = NO;
				GCC_NO_COMMON_BLOCKS = YES;
				GCC_OPTIMIZATION_LEVEL = 0;
				GCC_PREPROCESSOR_DEFINITIONS = (
					"DEBUG=1",
					"$(inherited)",
				);
				GCC_WARN_64_TO_32_BIT_CONVERSION = YES;
				GCC_WARN_ABOUT_RETURN_TYPE = YES_ERROR;
				GCC_WARN_UNDECLARED_SELECTOR = YES;
				GCC_WARN_UNINITIALIZED_AUTOS = YES_AGGRESSIVE;
				GCC_WARN_UNUSED_FUNCTION = YES;
				GCC_WARN_UNUSED_VARIABLE = YES;
				MACOSX_DEPLOYMENT_TARGET = 10.12;
				MTL_ENABLE_DEBUG_INFO = YES;
				ONLY_ACTIVE_ARCH = YES;
				SDKROOT = macosx;
			};
			name = Debug;
		};
		8E0461551EF3F6DF00E89CD6 /* Release */ = {
			isa = XCBuildConfiguration;
			buildSettings = {
				ALWAYS_SEARCH_USER_PATHS = NO;
				CLANG_ANALYZER_NONNULL = YES;
				CLANG_ANALYZER_NUMBER_OBJECT_CONVERSION = YES_AGGRESSIVE;
				CLANG_CXX_LANGUAGE_STANDARD = "gnu++0x";
				CLANG_CXX_LIBRARY = "libc++";
				CLANG_ENABLE_MODULES = YES;
				CLANG_ENABLE_OBJC_ARC = YES;
				CLANG_WARN_BOOL_CONVERSION = YES;
				CLANG_WARN_CONSTANT_CONVERSION = YES;
				CLANG_WARN_DIRECT_OBJC_ISA_USAGE = YES_ERROR;
				CLANG_WARN_DOCUMENTATION_COMMENTS = YES;
				CLANG_WARN_EMPTY_BODY = YES;
				CLANG_WARN_ENUM_CONVERSION = YES;
				CLANG_WARN_INFINITE_RECURSION = YES;
				CLANG_WARN_INT_CONVERSION = YES;
				CLANG_WARN_OBJC_ROOT_CLASS = YES_ERROR;
				CLANG_WARN_SUSPICIOUS_MOVE = YES;
				CLANG_WARN_UNREACHABLE_CODE = YES;
				CLANG_WARN__DUPLICATE_METHOD_MATCH = YES;
				CODE_SIGN_IDENTITY = "-";
				COPY_PHASE_STRIP = NO;
				DEBUG_INFORMATION_FORMAT = "dwarf-with-dsym";
				ENABLE_NS_ASSERTIONS = NO;
				ENABLE_STRICT_OBJC_MSGSEND = YES;
				GCC_C_LANGUAGE_STANDARD = gnu99;
				GCC_NO_COMMON_BLOCKS = YES;
				GCC_WARN_64_TO_32_BIT_CONVERSION = YES;
				GCC_WARN_ABOUT_RETURN_TYPE = YES_ERROR;
				GCC_WARN_UNDECLARED_SELECTOR = YES;
				GCC_WARN_UNINITIALIZED_AUTOS = YES_AGGRESSIVE;
				GCC_WARN_UNUSED_FUNCTION = YES;
				GCC_WARN_UNUSED_VARIABLE = YES;
				MACOSX_DEPLOYMENT_TARGET = 10.12;
				MTL_ENABLE_DEBUG_INFO = NO;
				SDKROOT = macosx;
			};
			name = Release;
		};
		8E0461571EF3F6DF00E89CD6 /* Debug */ = {
			isa = XCBuildConfiguration;
			buildSettings = {
				DEVELOPMENT_TEAM = XF9AB35UYQ;
				PRODUCT_NAME = "$(TARGET_NAME)";
			};
			name = Debug;
		};
		8E0461581EF3F6DF00E89CD6 /* Release */ = {
			isa = XCBuildConfiguration;
			buildSettings = {
				DEVELOPMENT_TEAM = XF9AB35UYQ;
				PRODUCT_NAME = "$(TARGET_NAME)";
			};
			name = Release;
		};
/* End XCBuildConfiguration section */

/* Begin XCConfigurationList section */
		8E04614A1EF3F6DF00E89CD6 /* Build configuration list for PBXProject "Mac TCP Client Sample" */ = {
			isa = XCConfigurationList;
			buildConfigurations = (
				8E0461541EF3F6DF00E89CD6 /* Debug */,
				8E0461551EF3F6DF00E89CD6 /* Release */,
			);
			defaultConfigurationIsVisible = 0;
			defaultConfigurationName = Release;
		};
		8E0461561EF3F6DF00E89CD6 /* Build configuration list for PBXNativeTarget "Mac TCP Client Sample" */ = {
			isa = XCConfigurationList;
			buildConfigurations = (
				8E0461571EF3F6DF00E89CD6 /* Debug */,
				8E0461581EF3F6DF00E89CD6 /* Release */,
			);
			defaultConfigurationIsVisible = 0;
			defaultConfigurationName = Release;
		};
/* End XCConfigurationList section */
	};
	rootObject = 8E0461471EF3F6DF00E89CD6 /* Project object */;
}
